
Microsoft Visual Studio Solution File, Format Version 12.00
# Visual Studio Version 17
VisualStudioVersion = 17.5.002.0
MinimumVisualStudioVersion = 10.0.40219.1
Project("{9A19103F-16F7-4668-BE54-9A1E7A4F7556}") = "MultidimensionalArray", "MultidimensionalArray\MultidimensionalArray.csproj", "{0D5B06B4-42FC-4410-ADC8-14689F565D04}"
EndProject
Project("{9A19103F-16F7-4668-BE54-9A1E7A4F7556}") = "Repeticao", "Repeticao\Repeticao.csproj", "{CB8FD8AC-2826-42DB-970B-1D7470D6DF42}"
EndProject
Global
	GlobalSection(SolutionConfigurationPlatforms) = preSolution
		Debug|Any CPU = Debug|Any CPU
		Release|Any CPU = Release|Any CPU
	EndGlobalSection
	GlobalSection(ProjectConfigurationPlatforms) = postSolution
		{0D5B06B4-42FC-4410-ADC8-14689F565D04}.Debug|Any CPU.ActiveCfg = Debug|Any CPU
		{0D5B06B4-42FC-4410-ADC8-14689F565D04}.Debug|Any CPU.Build.0 = Debug|Any CPU
		{0D5B06B4-42FC-4410-ADC8-14689F565D04}.Release|Any CPU.ActiveCfg = Release|Any CPU
		{0D5B06B4-42FC-4410-ADC8-14689F565D04}.Release|Any CPU.Build.0 = Release|Any CPU
		{CB8FD8AC-2826-42DB-970B-1D7470D6DF42}.Debug|Any CPU.ActiveCfg = Debug|Any CPU
		{CB8FD8AC-2826-42DB-970B-1D7470D6DF42}.Debug|Any CPU.Build.0 = Debug|Any CPU
		{CB8FD8AC-2826-42DB-970B-1D7470D6DF42}.Release|Any CPU.ActiveCfg = Release|Any CPU
		{CB8FD8AC-2826-42DB-970B-1D7470D6DF42}.Release|Any CPU.Build.0 = Release|Any CPU
	EndGlobalSection
	GlobalSection(SolutionProperties) = preSolution
		HideSolutionNode = FALSE
	EndGlobalSection
	GlobalSection(ExtensibilityGlobals) = postSolution
		SolutionGuid = {288B3A43-DDEA-4D77-ADE2-7951FD733EB7}
	EndGlobalSection
EndGlobal
