
Microsoft Visual Studio Solution File, Format Version 12.00
# Visual Studio Version 17
VisualStudioVersion = 17.5.002.0
MinimumVisualStudioVersion = 10.0.40219.1
Project("{9A19103F-16F7-4668-BE54-9A1E7A4F7556}") = "Lista Linkada Circular", "Lista Linkada Circular.csproj", "{FAD88E0D-2733-4807-B72E-576475E705B0}"
EndProject
Global
	GlobalSection(SolutionConfigurationPlatforms) = preSolution
		Debug|Any CPU = Debug|Any CPU
		Release|Any CPU = Release|Any CPU
	EndGlobalSection
	GlobalSection(ProjectConfigurationPlatforms) = postSolution
		{FAD88E0D-2733-4807-B72E-576475E705B0}.Debug|Any CPU.ActiveCfg = Debug|Any CPU
		{FAD88E0D-2733-4807-B72E-576475E705B0}.Debug|Any CPU.Build.0 = Debug|Any CPU
		{FAD88E0D-2733-4807-B72E-576475E705B0}.Release|Any CPU.ActiveCfg = Release|Any CPU
		{FAD88E0D-2733-4807-B72E-576475E705B0}.Release|Any CPU.Build.0 = Release|Any CPU
	EndGlobalSection
	GlobalSection(SolutionProperties) = preSolution
		HideSolutionNode = FALSE
	EndGlobalSection
	GlobalSection(ExtensibilityGlobals) = postSolution
		SolutionGuid = {F3692C86-49D0-4E3A-9A56-937EAC2E0FBA}
	EndGlobalSection
EndGlobal
