
Microsoft Visual Studio Solution File, Format Version 12.00
# Visual Studio Version 17
VisualStudioVersion = 17.5.002.0
MinimumVisualStudioVersion = 10.0.40219.1
Project("{9A19103F-16F7-4668-BE54-9A1E7A4F7556}") = "InsertSort", "InsertSort.csproj", "{F64CA7C4-888D-4373-8501-B963D9B4884F}"
EndProject
Global
	GlobalSection(SolutionConfigurationPlatforms) = preSolution
		Debug|Any CPU = Debug|Any CPU
		Release|Any CPU = Release|Any CPU
	EndGlobalSection
	GlobalSection(ProjectConfigurationPlatforms) = postSolution
		{F64CA7C4-888D-4373-8501-B963D9B4884F}.Debug|Any CPU.ActiveCfg = Debug|Any CPU
		{F64CA7C4-888D-4373-8501-B963D9B4884F}.Debug|Any CPU.Build.0 = Debug|Any CPU
		{F64CA7C4-888D-4373-8501-B963D9B4884F}.Release|Any CPU.ActiveCfg = Release|Any CPU
		{F64CA7C4-888D-4373-8501-B963D9B4884F}.Release|Any CPU.Build.0 = Release|Any CPU
	EndGlobalSection
	GlobalSection(SolutionProperties) = preSolution
		HideSolutionNode = FALSE
	EndGlobalSection
	GlobalSection(ExtensibilityGlobals) = postSolution
		SolutionGuid = {0339BCB0-64BA-45E5-B909-85F737B6A4EC}
	EndGlobalSection
EndGlobal
