
Microsoft Visual Studio Solution File, Format Version 12.00
# Visual Studio Version 17
VisualStudioVersion = 17.5.002.0
MinimumVisualStudioVersion = 10.0.40219.1
Project("{9A19103F-16F7-4668-BE54-9A1E7A4F7556}") = "ArvoreBinaria", "ArvoreBinaria.csproj", "{D71BD9FA-CA69-4981-9AB6-E4A5747B412A}"
EndProject
Global
	GlobalSection(SolutionConfigurationPlatforms) = preSolution
		Debug|Any CPU = Debug|Any CPU
		Release|Any CPU = Release|Any CPU
	EndGlobalSection
	GlobalSection(ProjectConfigurationPlatforms) = postSolution
		{D71BD9FA-CA69-4981-9AB6-E4A5747B412A}.Debug|Any CPU.ActiveCfg = Debug|Any CPU
		{D71BD9FA-CA69-4981-9AB6-E4A5747B412A}.Debug|Any CPU.Build.0 = Debug|Any CPU
		{D71BD9FA-CA69-4981-9AB6-E4A5747B412A}.Release|Any CPU.ActiveCfg = Release|Any CPU
		{D71BD9FA-CA69-4981-9AB6-E4A5747B412A}.Release|Any CPU.Build.0 = Release|Any CPU
	EndGlobalSection
	GlobalSection(SolutionProperties) = preSolution
		HideSolutionNode = FALSE
	EndGlobalSection
	GlobalSection(ExtensibilityGlobals) = postSolution
		SolutionGuid = {44D12C40-ED60-4101-B9A5-B2B3BABF1767}
	EndGlobalSection
EndGlobal
